// !$*UTF8*$!
{
	archiveVersion = 1;
	classes = {
	};
	objectVersion = 50;
	objects = {

/* Begin PBXBuildFile section */
		22FF39E8305082F83D95A45C /* Pods_Chapter_1_3.framework in Frameworks */ = {isa = PBXBuildFile; fileRef = 838FA76F219E1C59E4EFD7FD /* Pods_Chapter_1_3.framework */; };
		649A2CE822423A56001B612E /* AppDelegate.swift in Sources */ = {isa = PBXBuildFile; fileRef = 649A2CE722423A56001B612E /* AppDelegate.swift */; };
		649A2CEA22423A56001B612E /* ViewController.swift in Sources */ = {isa = PBXBuildFile; fileRef = 649A2CE922423A56001B612E /* ViewController.swift */; };
		649A2CED22423A56001B612E /* Main.storyboard in Resources */ = {isa = PBXBuildFile; fileRef = 649A2CEB22423A56001B612E /* Main.storyboard */; };
		649A2CEF22423A57001B612E /* Assets.xcassets in Resources */ = {isa = PBXBuildFile; fileRef = 649A2CEE22423A57001B612E /* Assets.xcassets */; };
		649A2CF222423A57001B612E /* LaunchScreen.storyboard in Resources */ = {isa = PBXBuildFile; fileRef = 649A2CF022423A57001B612E /* LaunchScreen.storyboard */; };
/* End PBXBuildFile section */

/* Begin PBXFileReference section */
		4FE186E098A31D48D3CACB59 /* Pods-Chapter 1-3.release.xcconfig */ = {isa = PBXFileReference; includeInIndex = 1; lastKnownFileType = text.xcconfig; name = "Pods-Chapter 1-3.release.xcconfig"; path = "Target Support Files/Pods-Chapter 1-3/Pods-Chapter 1-3.release.xcconfig"; sourceTree = "<group>"; };
		649A2CE422423A56001B612E /* Chapter 1-3.app */ = {isa = PBXFileReference; explicitFileType = wrapper.application; includeInIndex = 0; path = "Chapter 1-3.app"; sourceTree = BUILT_PRODUCTS_DIR; };
		649A2CE722423A56001B612E /* AppDelegate.swift */ = {isa = PBXFileReference; lastKnownFileType = sourcecode.swift; path = AppDelegate.swift; sourceTree = "<group>"; };
		649A2CE922423A56001B612E /* ViewController.swift */ = {isa = PBXFileReference; lastKnownFileType = sourcecode.swift; path = ViewController.swift; sourceTree = "<group>"; };
		649A2CEC22423A56001B612E /* Base */ = {isa = PBXFileReference; lastKnownFileType = file.storyboard; name = Base; path = Base.lproj/Main.storyboard; sourceTree = "<group>"; };
		649A2CEE22423A57001B612E /* Assets.xcassets */ = {isa = PBXFileReference; lastKnownFileType = folder.assetcatalog; path = Assets.xcassets; sourceTree = "<group>"; };
		649A2CF122423A57001B612E /* Base */ = {isa = PBXFileReference; lastKnownFileType = file.storyboard; name = Base; path = Base.lproj/LaunchScreen.storyboard; sourceTree = "<group>"; };
		649A2CF322423A57001B612E /* Info.plist */ = {isa = PBXFileReference; lastKnownFileType = text.plist.xml; path = Info.plist; sourceTree = "<group>"; };
		6828C61157BB0E698FD4364F /* Pods-Chapter 1-3.debug.xcconfig */ = {isa = PBXFileReference; includeInIndex = 1; lastKnownFileType = text.xcconfig; name = "Pods-Chapter 1-3.debug.xcconfig"; path = "Target Support Files/Pods-Chapter 1-3/Pods-Chapter 1-3.debug.xcconfig"; sourceTree = "<group>"; };
		838FA76F219E1C59E4EFD7FD /* Pods_Chapter_1_3.framework */ = {isa = PBXFileReference; explicitFileType = wrapper.framework; includeInIndex = 0; path = Pods_Chapter_1_3.framework; sourceTree = BUILT_PRODUCTS_DIR; };
/* End PBXFileReference section */

/* Begin PBXFrameworksBuildPhase section */
		649A2CE122423A56001B612E /* Frameworks */ = {
			isa = PBXFrameworksBuildPhase;
			buildActionMask = 2147483647;
			files = (
				22FF39E8305082F83D95A45C /* Pods_Chapter_1_3.framework in Frameworks */,
			);
			runOnlyForDeploymentPostprocessing = 0;
		};
/* End PBXFrameworksBuildPhase section */

/* Begin PBXGroup section */
		600C6070DA1A50CD3725EB47 /* Frameworks */ = {
			isa = PBXGroup;
			children = (
				838FA76F219E1C59E4EFD7FD /* Pods_Chapter_1_3.framework */,
			);
			name = Frameworks;
			sourceTree = "<group>";
		};
		649A2CDB22423A56001B612E = {
			isa = PBXGroup;
			children = (
				649A2CE622423A56001B612E /* Chapter 1-3 */,
				649A2CE522423A56001B612E /* Products */,
				FB717EB734B0CDF0325C25AD /* Pods */,
				600C6070DA1A50CD3725EB47 /* Frameworks */,
			);
			sourceTree = "<group>";
		};
		649A2CE522423A56001B612E /* Products */ = {
			isa = PBXGroup;
			children = (
				649A2CE422423A56001B612E /* Chapter 1-3.app */,
			);
			name = Products;
			sourceTree = "<group>";
		};
		649A2CE622423A56001B612E /* Chapter 1-3 */ = {
			isa = PBXGroup;
			children = (
				649A2CE722423A56001B612E /* AppDelegate.swift */,
				649A2CE922423A56001B612E /* ViewController.swift */,
				649A2CEB22423A56001B612E /* Main.storyboard */,
				649A2CEE22423A57001B612E /* Assets.xcassets */,
				649A2CF022423A57001B612E /* LaunchScreen.storyboard */,
				649A2CF322423A57001B612E /* Info.plist */,
			);
			path = "Chapter 1-3";
			sourceTree = "<group>";
		};
		FB717EB734B0CDF0325C25AD /* Pods */ = {
			isa = PBXGroup;
			children = (
				6828C61157BB0E698FD4364F /* Pods-Chapter 1-3.debug.xcconfig */,
				4FE186E098A31D48D3CACB59 /* Pods-Chapter 1-3.release.xcconfig */,
			);
			name = Pods;
			path = Pods;
			sourceTree = "<group>";
		};
/* End PBXGroup section */

/* Begin PBXNativeTarget section */
		649A2CE322423A56001B612E /* Chapter 1-3 */ = {
			isa = PBXNativeTarget;
			buildConfigurationList = 649A2CF622423A57001B612E /* Build configuration list for PBXNativeTarget "Chapter 1-3" */;
			buildPhases = (
				DDBDF87DB101D931CBDDE6D0 /* [CP] Check Pods Manifest.lock */,
				649A2CE022423A56001B612E /* Sources */,
				649A2CE122423A56001B612E /* Frameworks */,
				649A2CE222423A56001B612E /* Resources */,
				6E8BC598BF7B88A7D49BD475 /* [CP] Embed Pods Frameworks */,
			);
			buildRules = (
			);
			dependencies = (
			);
			name = "Chapter 1-3";
			productName = "Chapter 1-3";
			productReference = 649A2CE422423A56001B612E /* Chapter 1-3.app */;
			productType = "com.apple.product-type.application";
		};
/* End PBXNativeTarget section */

/* Begin PBXProject section */
		649A2CDC22423A56001B612E /* Project object */ = {
			isa = PBXProject;
			attributes = {
				LastSwiftUpdateCheck = 1010;
				LastUpgradeCheck = 1010;
				ORGANIZATIONNAME = "Hien Tuong";
				TargetAttributes = {
					649A2CE322423A56001B612E = {
						CreatedOnToolsVersion = 10.1;
					};
				};
			};
			buildConfigurationList = 649A2CDF22423A56001B612E /* Build configuration list for PBXProject "Chapter 1-3" */;
			compatibilityVersion = "Xcode 9.3";
			developmentRegion = en;
			hasScannedForEncodings = 0;
			knownRegions = (
				en,
				Base,
			);
			mainGroup = 649A2CDB22423A56001B612E;
			productRefGroup = 649A2CE522423A56001B612E /* Products */;
			projectDirPath = "";
			projectRoot = "";
			targets = (
				649A2CE322423A56001B612E /* Chapter 1-3 */,
			);
		};
/* End PBXProject section */

/* Begin PBXResourcesBuildPhase section */
		649A2CE222423A56001B612E /* Resources */ = {
			isa = PBXResourcesBuildPhase;
			buildActionMask = 2147483647;
			files = (
				649A2CF222423A57001B612E /* LaunchScreen.storyboard in Resources */,
				649A2CEF22423A57001B612E /* Assets.xcassets in Resources */,
				649A2CED22423A56001B612E /* Main.storyboard in Resources */,
			);
			runOnlyForDeploymentPostprocessing = 0;
		};
/* End PBXResourcesBuildPhase section */

/* Begin PBXShellScriptBuildPhase section */
		6E8BC598BF7B88A7D49BD475 /* [CP] Embed Pods Frameworks */ = {
			isa = PBXShellScriptBuildPhase;
			buildActionMask = 2147483647;
			files = (
			);
			inputFileListPaths = (
			);
			inputPaths = (
				"${PODS_ROOT}/Target Support Files/Pods-Chapter 1-3/Pods-Chapter 1-3-frameworks.sh",
				"${BUILT_PRODUCTS_DIR}/RxAtomic/RxAtomic.framework",
				"${BUILT_PRODUCTS_DIR}/RxCocoa/RxCocoa.framework",
				"${BUILT_PRODUCTS_DIR}/RxSwift/RxSwift.framework",
			);
			name = "[CP] Embed Pods Frameworks";
			outputFileListPaths = (
			);
			outputPaths = (
				"${TARGET_BUILD_DIR}/${FRAMEWORKS_FOLDER_PATH}/RxAtomic.framework",
				"${TARGET_BUILD_DIR}/${FRAMEWORKS_FOLDER_PATH}/RxCocoa.framework",
				"${TARGET_BUILD_DIR}/${FRAMEWORKS_FOLDER_PATH}/RxSwift.framework",
			);
			runOnlyForDeploymentPostprocessing = 0;
			shellPath = /bin/sh;
			shellScript = "\"${PODS_ROOT}/Target Support Files/Pods-Chapter 1-3/Pods-Chapter 1-3-frameworks.sh\"\n";
			showEnvVarsInLog = 0;
		};
		DDBDF87DB101D931CBDDE6D0 /* [CP] Check Pods Manifest.lock */ = {
			isa = PBXShellScriptBuildPhase;
			buildActionMask = 2147483647;
			files = (
			);
			inputFileListPaths = (
			);
			inputPaths = (
				"${PODS_PODFILE_DIR_PATH}/Podfile.lock",
				"${PODS_ROOT}/Manifest.lock",
			);
			name = "[CP] Check Pods Manifest.lock";
			outputFileListPaths = (
			);
			outputPaths = (
				"$(DERIVED_FILE_DIR)/Pods-Chapter 1-3-checkManifestLockResult.txt",
			);
			runOnlyForDeploymentPostprocessing = 0;
			shellPath = /bin/sh;
			shellScript = "diff \"${PODS_PODFILE_DIR_PATH}/Podfile.lock\" \"${PODS_ROOT}/Manifest.lock\" > /dev/null\nif [ $? != 0 ] ; then\n    # print error to STDERR\n    echo \"error: The sandbox is not in sync with the Podfile.lock. Run 'pod install' or update your CocoaPods installation.\" >&2\n    exit 1\nfi\n# This output is used by Xcode 'outputs' to avoid re-running this script phase.\necho \"SUCCESS\" > \"${SCRIPT_OUTPUT_FILE_0}\"\n";
			showEnvVarsInLog = 0;
		};
/* End PBXShellScriptBuildPhase section */

/* Begin PBXSourcesBuildPhase section */
		649A2CE022423A56001B612E /* Sources */ = {
			isa = PBXSourcesBuildPhase;
			buildActionMask = 2147483647;
			files = (
				649A2CEA22423A56001B612E /* ViewController.swift in Sources */,
				649A2CE822423A56001B612E /* AppDelegate.swift in Sources */,
			);
			runOnlyForDeploymentPostprocessing = 0;
		};
/* End PBXSourcesBuildPhase section */

/* Begin PBXVariantGroup section */
		649A2CEB22423A56001B612E /* Main.storyboard */ = {
			isa = PBXVariantGroup;
			children = (
				649A2CEC22423A56001B612E /* Base */,
			);
			name = Main.storyboard;
			sourceTree = "<group>";
		};
		649A2CF022423A57001B612E /* LaunchScreen.storyboard */ = {
			isa = PBXVariantGroup;
			children = (
				649A2CF122423A57001B612E /* Base */,
			);
			name = LaunchScreen.storyboard;
			sourceTree = "<group>";
		};
/* End PBXVariantGroup section */

/* Begin XCBuildConfiguration section */
		649A2CF422423A57001B612E /* Debug */ = {
			isa = XCBuildConfiguration;
			buildSettings = {
				ALWAYS_SEARCH_USER_PATHS = NO;
				CLANG_ANALYZER_NONNULL = YES;
				CLANG_ANALYZER_NUMBER_OBJECT_CONVERSION = YES_AGGRESSIVE;
				CLANG_CXX_LANGUAGE_STANDARD = "gnu++14";
				CLANG_CXX_LIBRARY = "libc++";
				CLANG_ENABLE_MODULES = YES;
				CLANG_ENABLE_OBJC_ARC = YES;
				CLANG_ENABLE_OBJC_WEAK = YES;
				CLANG_WARN_BLOCK_CAPTURE_AUTORELEASING = YES;
				CLANG_WARN_BOOL_CONVERSION = YES;
				CLANG_WARN_COMMA = YES;
				CLANG_WARN_CONSTANT_CONVERSION = YES;
				CLANG_WARN_DEPRECATED_OBJC_IMPLEMENTATIONS = YES;
				CLANG_WARN_DIRECT_OBJC_ISA_USAGE = YES_ERROR;
				CLANG_WARN_DOCUMENTATION_COMMENTS = YES;
				CLANG_WARN_EMPTY_BODY = YES;
				CLANG_WARN_ENUM_CONVERSION = YES;
				CLANG_WARN_INFINITE_RECURSION = YES;
				CLANG_WARN_INT_CONVERSION = YES;
				CLANG_WARN_NON_LITERAL_NULL_CONVERSION = YES;
				CLANG_WARN_OBJC_IMPLICIT_RETAIN_SELF = YES;
				CLANG_WARN_OBJC_LITERAL_CONVERSION = YES;
				CLANG_WARN_OBJC_ROOT_CLASS = YES_ERROR;
				CLANG_WARN_RANGE_LOOP_ANALYSIS = YES;
				CLANG_WARN_STRICT_PROTOTYPES = YES;
				CLANG_WARN_SUSPICIOUS_MOVE = YES;
				CLANG_WARN_UNGUARDED_AVAILABILITY = YES_AGGRESSIVE;
				CLANG_WARN_UNREACHABLE_CODE = YES;
				CLANG_WARN__DUPLICATE_METHOD_MATCH = YES;
				CODE_SIGN_IDENTITY = "iPhone Developer";
				COPY_PHASE_STRIP = NO;
				DEBUG_INFORMATION_FORMAT = dwarf;
				ENABLE_STRICT_OBJC_MSGSEND = YES;
				ENABLE_TESTABILITY = YES;
				GCC_C_LANGUAGE_STANDARD = gnu11;
				GCC_DYNAMIC_NO_PIC = NO;
				GCC_NO_COMMON_BLOCKS = YES;
				GCC_OPTIMIZATION_LEVEL = 0;
				GCC_PREPROCESSOR_DEFINITIONS = (
					"DEBUG=1",
					"$(inherited)",
				);
				GCC_WARN_64_TO_32_BIT_CONVERSION = YES;
				GCC_WARN_ABOUT_RETURN_TYPE = YES_ERROR;
				GCC_WARN_UNDECLARED_SELECTOR = YES;
				GCC_WARN_UNINITIALIZED_AUTOS = YES_AGGRESSIVE;
				GCC_WARN_UNUSED_FUNCTION = YES;
				GCC_WARN_UNUSED_VARIABLE = YES;
				IPHONEOS_DEPLOYMENT_TARGET = 12.1;
				MTL_ENABLE_DEBUG_INFO = INCLUDE_SOURCE;
				MTL_FAST_MATH = YES;
				ONLY_ACTIVE_ARCH = YES;
				SDKROOT = iphoneos;
				SWIFT_ACTIVE_COMPILATION_CONDITIONS = DEBUG;
				SWIFT_OPTIMIZATION_LEVEL = "-Onone";
			};
			name = Debug;
		};
		649A2CF522423A57001B612E /* Release */ = {
			isa = XCBuildConfiguration;
			buildSettings = {
				ALWAYS_SEARCH_USER_PATHS = NO;
				CLANG_ANALYZER_NONNULL = YES;
				CLANG_ANALYZER_NUMBER_OBJECT_CONVERSION = YES_AGGRESSIVE;
				CLANG_CXX_LANGUAGE_STANDARD = "gnu++14";
				CLANG_CXX_LIBRARY = "libc++";
				CLANG_ENABLE_MODULES = YES;
				CLANG_ENABLE_OBJC_ARC = YES;
				CLANG_ENABLE_OBJC_WEAK = YES;
				CLANG_WARN_BLOCK_CAPTURE_AUTORELEASING = YES;
				CLANG_WARN_BOOL_CONVERSION = YES;
				CLANG_WARN_COMMA = YES;
				CLANG_WARN_CONSTANT_CONVERSION = YES;
				CLANG_WARN_DEPRECATED_OBJC_IMPLEMENTATIONS = YES;
				CLANG_WARN_DIRECT_OBJC_ISA_USAGE = YES_ERROR;
				CLANG_WARN_DOCUMENTATION_COMMENTS = YES;
				CLANG_WARN_EMPTY_BODY = YES;
				CLANG_WARN_ENUM_CONVERSION = YES;
				CLANG_WARN_INFINITE_RECURSION = YES;
				CLANG_WARN_INT_CONVERSION = YES;
				CLANG_WARN_NON_LITERAL_NULL_CONVERSION = YES;
				CLANG_WARN_OBJC_IMPLICIT_RETAIN_SELF = YES;
				CLANG_WARN_OBJC_LITERAL_CONVERSION = YES;
				CLANG_WARN_OBJC_ROOT_CLASS = YES_ERROR;
				CLANG_WARN_RANGE_LOOP_ANALYSIS = YES;
				CLANG_WARN_STRICT_PROTOTYPES = YES;
				CLANG_WARN_SUSPICIOUS_MOVE = YES;
				CLANG_WARN_UNGUARDED_AVAILABILITY = YES_AGGRESSIVE;
				CLANG_WARN_UNREACHABLE_CODE = YES;
				CLANG_WARN__DUPLICATE_METHOD_MATCH = YES;
				CODE_SIGN_IDENTITY = "iPhone Developer";
				COPY_PHASE_STRIP = NO;
				DEBUG_INFORMATION_FORMAT = "dwarf-with-dsym";
				ENABLE_NS_ASSERTIONS = NO;
				ENABLE_STRICT_OBJC_MSGSEND = YES;
				GCC_C_LANGUAGE_STANDARD = gnu11;
				GCC_NO_COMMON_BLOCKS = YES;
				GCC_WARN_64_TO_32_BIT_CONVERSION = YES;
				GCC_WARN_ABOUT_RETURN_TYPE = YES_ERROR;
				GCC_WARN_UNDECLARED_SELECTOR = YES;
				GCC_WARN_UNINITIALIZED_AUTOS = YES_AGGRESSIVE;
				GCC_WARN_UNUSED_FUNCTION = YES;
				GCC_WARN_UNUSED_VARIABLE = YES;
				IPHONEOS_DEPLOYMENT_TARGET = 12.1;
				MTL_ENABLE_DEBUG_INFO = NO;
				MTL_FAST_MATH = YES;
				SDKROOT = iphoneos;
				SWIFT_COMPILATION_MODE = wholemodule;
				SWIFT_OPTIMIZATION_LEVEL = "-O";
				VALIDATE_PRODUCT = YES;
			};
			name = Release;
		};
		649A2CF722423A57001B612E /* Debug */ = {
			isa = XCBuildConfiguration;
			baseConfigurationReference = 6828C61157BB0E698FD4364F /* Pods-Chapter 1-3.debug.xcconfig */;
			buildSettings = {
				ASSETCATALOG_COMPILER_APPICON_NAME = AppIcon;
				CODE_SIGN_STYLE = Automatic;
				DEVELOPMENT_TEAM = R94J6YMJLJ;
				INFOPLIST_FILE = "Chapter 1-3/Info.plist";
				LD_RUNPATH_SEARCH_PATHS = (
					"$(inherited)",
					"@executable_path/Frameworks",
				);
				PRODUCT_BUNDLE_IDENTIFIER = "com.hientuong.Chapter-1-3";
				PRODUCT_NAME = "$(TARGET_NAME)";
				SWIFT_VERSION = 4.2;
				TARGETED_DEVICE_FAMILY = "1,2";
			};
			name = Debug;
		};
		649A2CF822423A57001B612E /* Release */ = {
			isa = XCBuildConfiguration;
			baseConfigurationReference = 4FE186E098A31D48D3CACB59 /* Pods-Chapter 1-3.release.xcconfig */;
			buildSettings = {
				ASSETCATALOG_COMPILER_APPICON_NAME = AppIcon;
				CODE_SIGN_STYLE = Automatic;
				DEVELOPMENT_TEAM = R94J6YMJLJ;
				INFOPLIST_FILE = "Chapter 1-3/Info.plist";
				LD_RUNPATH_SEARCH_PATHS = (
					"$(inherited)",
					"@executable_path/Frameworks",
				);
				PRODUCT_BUNDLE_IDENTIFIER = "com.hientuong.Chapter-1-3";
				PRODUCT_NAME = "$(TARGET_NAME)";
				SWIFT_VERSION = 4.2;
				TARGETED_DEVICE_FAMILY = "1,2";
			};
			name = Release;
		};
/* End XCBuildConfiguration section */

/* Begin XCConfigurationList section */
		649A2CDF22423A56001B612E /* Build configuration list for PBXProject "Chapter 1-3" */ = {
			isa = XCConfigurationList;
			buildConfigurations = (
				649A2CF422423A57001B612E /* Debug */,
				649A2CF522423A57001B612E /* Release */,
			);
			defaultConfigurationIsVisible = 0;
			defaultConfigurationName = Release;
		};
		649A2CF622423A57001B612E /* Build configuration list for PBXNativeTarget "Chapter 1-3" */ = {
			isa = XCConfigurationList;
			buildConfigurations = (
				649A2CF722423A57001B612E /* Debug */,
				649A2CF822423A57001B612E /* Release */,
			);
			defaultConfigurationIsVisible = 0;
			defaultConfigurationName = Release;
		};
/* End XCConfigurationList section */
	};
	rootObject = 649A2CDC22423A56001B612E /* Project object */;
}
